
Microsoft Visual Studio Solution File, Format Version 12.00
# Visual Studio 15
VisualStudioVersion = 15.0.28307.168
MinimumVisualStudioVersion = 10.0.40219.1
Project("{FAE04EC0-301F-11D3-BF4B-00C04F79EFBC}") = "Homework3", "Homework3\Homework3.csproj", "{DC982445-E247-4044-B238-8A6E4313DD42}"
EndProject
Global
	GlobalSection(SolutionConfigurationPlatforms) = preSolution
		Debug|Any CPU = Debug|Any CPU
		Release|Any CPU = Release|Any CPU
	EndGlobalSection
	GlobalSection(ProjectConfigurationPlatforms) = postSolution
		{DC982445-E247-4044-B238-8A6E4313DD42}.Debug|Any CPU.ActiveCfg = Debug|Any CPU
		{DC982445-E247-4044-B238-8A6E4313DD42}.Debug|Any CPU.Build.0 = Debug|Any CPU
		{DC982445-E247-4044-B238-8A6E4313DD42}.Release|Any CPU.ActiveCfg = Release|Any CPU
		{DC982445-E247-4044-B238-8A6E4313DD42}.Release|Any CPU.Build.0 = Release|Any CPU
	EndGlobalSection
	GlobalSection(SolutionProperties) = preSolution
		HideSolutionNode = FALSE
	EndGlobalSection
	GlobalSection(ExtensibilityGlobals) = postSolution
		SolutionGuid = {5C82B927-A44D-4811-87A4-4882B81DFE67}
	EndGlobalSection
EndGlobal
